
Microsoft Visual Studio Solution File, Format Version 12.00
# Visual Studio 14
VisualStudioVersion = 14.0.24720.0
MinimumVisualStudioVersion = 10.0.40219.1
Project("{2150E333-8FDC-42A3-9474-1A3956D46DE8}") = "src", "src", "{8D56A0A8-CDE7-46A5-B81F-B5E2C37A7EFC}"
EndProject
Project("{2150E333-8FDC-42A3-9474-1A3956D46DE8}") = "Solution Items", "Solution Items", "{955B9BAA-9F28-4D54-B287-70041862FF43}"
	ProjectSection(SolutionItems) = preProject
		global.json = global.json
	EndProjectSection
EndProject
Project("{8BB2217D-0F2D-49D1-97BC-3654ED321F3B}") = "OdeToFoodStepUp", "src\OdeToFoodStepUp\OdeToFoodStepUp.xproj", "{58598BE0-D4FA-4B39-A82B-72BFFE2A7858}"
EndProject
Global
	GlobalSection(SolutionConfigurationPlatforms) = preSolution
		Debug|Any CPU = Debug|Any CPU
		Release|Any CPU = Release|Any CPU
	EndGlobalSection
	GlobalSection(ProjectConfigurationPlatforms) = postSolution
		{58598BE0-D4FA-4B39-A82B-72BFFE2A7858}.Debug|Any CPU.ActiveCfg = Debug|Any CPU
		{58598BE0-D4FA-4B39-A82B-72BFFE2A7858}.Debug|Any CPU.Build.0 = Debug|Any CPU
		{58598BE0-D4FA-4B39-A82B-72BFFE2A7858}.Release|Any CPU.ActiveCfg = Release|Any CPU
		{58598BE0-D4FA-4B39-A82B-72BFFE2A7858}.Release|Any CPU.Build.0 = Release|Any CPU
	EndGlobalSection
	GlobalSection(SolutionProperties) = preSolution
		HideSolutionNode = FALSE
	EndGlobalSection
	GlobalSection(NestedProjects) = preSolution
		{58598BE0-D4FA-4B39-A82B-72BFFE2A7858} = {8D56A0A8-CDE7-46A5-B81F-B5E2C37A7EFC}
	EndGlobalSection
EndGlobal
